schema: '2.0'
stages:
  data_cleaning:
    cmd: python src/data/data_cleaning.py
    deps:
    - path: data/raw/swiggy.csv
      hash: md5
      md5: 0b050b37dfe6cfbfaa18d7cb4e454377
      size: 7772212
    - path: src/data/data_cleaning.py
      hash: md5
      md5: 2162dc1c881b68da95f5cdc132108c3b
      size: 9521
    outs:
    - path: data/cleaned/swiggy_cleaned.csv
      hash: md5
      md5: 4918716e52fc57babdcd400dfb3c3f29
      size: 4508527
  data_preparation:
    cmd: python src/data/data_preparation.py
    deps:
    - path: data/cleaned/swiggy_cleaned.csv
      hash: md5
      md5: 4918716e52fc57babdcd400dfb3c3f29
      size: 4508527
    - path: src/data/data_preparation.py
      hash: md5
      md5: 31c1e6feae0202df31b7c9555bdd73c7
      size: 3007
    params:
      params.yaml:
        Data_Preparation.random_state: 42
        Data_Preparation.test_size: 0.2
    outs:
    - path: data/interim/test.csv
      hash: md5
      md5: 20172ab330931a534fcb3fb75bf1b77a
      size: 901132
    - path: data/interim/train.csv
      hash: md5
      md5: 08e8f74451482dfdf2f472e94acb5993
      size: 3604437
  data_preprocessing:
    cmd: python src/features/data_preprocessing.py
    deps:
    - path: data/interim/test.csv
      hash: md5
      md5: 20172ab330931a534fcb3fb75bf1b77a
      size: 901132
    - path: data/interim/train.csv
      hash: md5
      md5: 08e8f74451482dfdf2f472e94acb5993
      size: 3604437
    - path: src/features/data_preprocessing.py
      hash: md5
      md5: 6a462f143bd9a1b599fa9a91a0f4ea37
      size: 6951
    outs:
    - path: data/processed/test_trans.csv
      hash: md5
      md5: 2519c7291782edca74e688cc944df5b9
      size: 1089313
    - path: data/processed/train_trans.csv
      hash: md5
      md5: 0d2f47751596e1c0f6bffbf7bb582a07
      size: 4329420
    - path: models/preprocessor.joblib
      hash: md5
      md5: fe41a88c286b7ed96e16b559da37c4d8
      size: 8182
  train:
    cmd: python src/models/train.py
    deps:
    - path: data/processed/train_trans.csv
      hash: md5
      md5: 0d2f47751596e1c0f6bffbf7bb582a07
      size: 4329420
    - path: src/models/train.py
      hash: md5
      md5: 7e3fdfe8e1b25a08b4d2dad297d03c78
      size: 4912
    params:
      params.yaml:
        Train.LightGBM:
          n_estimators: 154
          max_depth: 27
          learning_rate: 0.22234435854395157
          subsample: 0.7592213724048168
          min_child_weight: 20
          min_split_gain: 0.004604680609280751
          reg_lambda: 97.81002379097947
          n_jobs: -1
        Train.Random_Forest:
          n_estimators: 479
          criterion: squared_error
          max_depth: 17
          max_features: 1
          min_samples_split: 9
          min_samples_leaf: 2
          max_samples: 0.6603673526197066
          verbose: 1
          n_jobs: -1
    outs:
    - path: models/model.joblib
      hash: md5
      md5: a494a3ec6f7e794db1eeb7349adcbf27
      size: 157626520
    - path: models/power_transformer.joblib
      hash: md5
      md5: f0c8f233b48bd8f362adb7bd6a01c35a
      size: 837
    - path: models/stacking_regressor.joblib
      hash: md5
      md5: 85068a9f0da5d2d2d5fcc798031ea122
      size: 157614970
  evaluation:
    cmd: python src/models/evaluation.py
    deps:
    - path: data/processed/test_trans.csv
      hash: md5
      md5: 2519c7291782edca74e688cc944df5b9
      size: 1089313
    - path: data/processed/train_trans.csv
      hash: md5
      md5: 0d2f47751596e1c0f6bffbf7bb582a07
      size: 4329420
    - path: models/model.joblib
      hash: md5
      md5: a494a3ec6f7e794db1eeb7349adcbf27
      size: 157626520
    - path: src/models/evaluation.py
      hash: md5
      md5: b4b7a60c0a1de2b12975015a7ba35745
      size: 6038
    outs:
    - path: run_information.json
      hash: md5
      md5: bbcd1973d2200ef8d5774c33b953301a
      size: 220
  register_model:
    cmd: python src/models/register_model.py
    deps:
    - path: run_information.json
      hash: md5
      md5: bbcd1973d2200ef8d5774c33b953301a
      size: 220
    - path: src/models/register_model.py
      hash: md5
      md5: 8136e62d5aa43a8715b02454f02014d5
      size: 2154
