schema: '2.0'
stages:
  data_cleaning:
    cmd: python src/data/data_cleaning.py
    deps:
    - path: data/raw/swiggy.csv
      hash: md5
      md5: 0b050b37dfe6cfbfaa18d7cb4e454377
      size: 7772212
    - path: src/data/data_cleaning.py
      hash: md5
      md5: 32739810480f985dc58debe3ca9db477
      size: 9574
    outs:
    - path: data/cleaned/swiggy_cleaned.csv
      hash: md5
      md5: 30b9ffb5d808cdd6ddca2b3093f47228
      size: 4257033
  data_preparation:
    cmd: python src/data/data_preparation.py
    deps:
    - path: data/cleaned/swiggy_cleaned.csv
      hash: md5
      md5: 30b9ffb5d808cdd6ddca2b3093f47228
      size: 4257033
    - path: src/data/data_preparation.py
      hash: md5
      md5: 31c1e6feae0202df31b7c9555bdd73c7
      size: 3007
    params:
      params.yaml:
        Data_Preparation.random_state: 42
        Data_Preparation.test_size: 0.25
    outs:
    - path: data/interim/test.csv
      hash: md5
      md5: d4ac172abc7d7ff19e2b4594765ab786
      size: 1064273
    - path: data/interim/train.csv
      hash: md5
      md5: 5ec2cac6bee6e355ccf50115cb02ebdc
      size: 3190025
  data_preprocessing:
    cmd: python src/features/data_preprocessing.py
    deps:
    - path: data/interim/test.csv
      hash: md5
      md5: d4ac172abc7d7ff19e2b4594765ab786
      size: 1064273
    - path: data/interim/train.csv
      hash: md5
      md5: 5ec2cac6bee6e355ccf50115cb02ebdc
      size: 3190025
    - path: src/features/data_preprocessing.py
      hash: md5
      md5: 6a462f143bd9a1b599fa9a91a0f4ea37
      size: 6951
    outs:
    - path: data/processed/test_trans.csv
      hash: md5
      md5: 414518704a92096651cd19d601b2f277
      size: 1324661
    - path: data/processed/train_trans.csv
      hash: md5
      md5: 5bf17e292bd07fd7f0a1294c9a7caec7
      size: 3958536
    - path: models/preprocessor.joblib
      hash: md5
      md5: 317c3e51f0625af44a21ba2ec1dd4912
      size: 8182
  train:
    cmd: python src/models/train.py
    deps:
    - path: data/processed/train_trans.csv
      hash: md5
      md5: 5bf17e292bd07fd7f0a1294c9a7caec7
      size: 3958536
    - path: src/models/train.py
      hash: md5
      md5: 7e3fdfe8e1b25a08b4d2dad297d03c78
      size: 4912
    params:
      params.yaml:
        Train.LightGBM:
          n_estimators: 154
          max_depth: 27
          learning_rate: 0.22234435854395157
          subsample: 0.7592213724048168
          min_child_weight: 20
          min_split_gain: 0.004604680609280751
          reg_lambda: 97.81002379097947
          n_jobs: -1
        Train.Random_Forest:
          n_estimators: 479
          criterion: squared_error
          max_depth: 17
          max_features: 1
          min_samples_split: 9
          min_samples_leaf: 2
          max_samples: 0.6603673526197066
          verbose: 1
          n_jobs: -1
    outs:
    - path: models/model.joblib
      hash: md5
      md5: c9a0b9ebf806017c36f58c287a16ced6
      size: 144968040
    - path: models/power_transformer.joblib
      hash: md5
      md5: dc3b23885b5ea1f6b57a2b0679afe0e0
      size: 837
    - path: models/stacking_regressor.joblib
      hash: md5
      md5: 7c29d15df03eef4d5dd5ef9b71f5f88c
      size: 144956490
  evaluation:
    cmd: python src/models/evaluation.py
    deps:
    - path: data/processed/test_trans.csv
      hash: md5
      md5: 414518704a92096651cd19d601b2f277
      size: 1324661
    - path: data/processed/train_trans.csv
      hash: md5
      md5: 5bf17e292bd07fd7f0a1294c9a7caec7
      size: 3958536
    - path: models/model.joblib
      hash: md5
      md5: c9a0b9ebf806017c36f58c287a16ced6
      size: 144968040
    - path: src/models/evaluation.py
      hash: md5
      md5: b4b7a60c0a1de2b12975015a7ba35745
      size: 6038
    outs:
    - path: run_information.json
      hash: md5
      md5: 9781de6ad9e8574e45b9e605bdf6edf5
      size: 220
  register_model:
    cmd: python src/models/register_model.py
    deps:
    - path: run_information.json
      hash: md5
      md5: 9781de6ad9e8574e45b9e605bdf6edf5
      size: 220
    - path: src/models/register_model.py
      hash: md5
      md5: 8136e62d5aa43a8715b02454f02014d5
      size: 2154
