schema: '2.0'
stages:
  data_cleaning:
    cmd: python src/data/data_cleaning.py
    deps:
    - path: data/raw/swiggy.csv
      hash: md5
      md5: 0b050b37dfe6cfbfaa18d7cb4e454377
      size: 7772212
    - path: src/data/data_cleaning.py
      hash: md5
      md5: 2162dc1c881b68da95f5cdc132108c3b
      size: 9521
    outs:
    - path: data/cleaned/swiggy_cleaned.csv
      hash: md5
      md5: 4918716e52fc57babdcd400dfb3c3f29
      size: 4508527
  data_preparation:
    cmd: python src/data/data_preparation.py
    deps:
    - path: data/cleaned/swiggy_cleaned.csv
      hash: md5
      md5: 4918716e52fc57babdcd400dfb3c3f29
      size: 4508527
    - path: src/data/data_preparation.py
      hash: md5
      md5: 31c1e6feae0202df31b7c9555bdd73c7
      size: 3007
    params:
      params.yaml:
        Data_Preparation.random_state: 30
        Data_Preparation.test_size: 0.2
    outs:
    - path: data/interim/test.csv
      hash: md5
      md5: 9267338a30364f4ceb503970f87b2580
      size: 901374
    - path: data/interim/train.csv
      hash: md5
      md5: 7a2a5ab8d953e27a69b8bbf896da0942
      size: 3604195
  data_preprocessing:
    cmd: python src/features/data_preprocessing.py
    deps:
    - path: data/interim/test.csv
      hash: md5
      md5: 9267338a30364f4ceb503970f87b2580
      size: 901374
    - path: data/interim/train.csv
      hash: md5
      md5: 7a2a5ab8d953e27a69b8bbf896da0942
      size: 3604195
    - path: src/features/data_preprocessing.py
      hash: md5
      md5: 6a462f143bd9a1b599fa9a91a0f4ea37
      size: 6951
    outs:
    - path: data/processed/test_trans.csv
      hash: md5
      md5: 9e032c5a1e9808c2044bb5c279cf1f4f
      size: 1085439
    - path: data/processed/train_trans.csv
      hash: md5
      md5: 213a8a91279cb878099a881a2a0a6c6b
      size: 4333294
    - path: models/preprocessor.joblib
      hash: md5
      md5: b3ef56510863b731364764f607562264
      size: 8189
